
Microsoft Visual Studio Solution File, Format Version 12.00
# Visual Studio Version 17
VisualStudioVersion = 17.12.35527.113
MinimumVisualStudioVersion = 10.0.40219.1
Project("{FAE04EC0-301F-11D3-BF4B-00C04F79EFBC}") = "GeekGardenCase1", "GeekGardenCase1.csproj", "{B716C032-DC43-495F-9C49-0B64A98B884F}"
EndProject
Project("{FAE04EC0-301F-11D3-BF4B-00C04F79EFBC}") = "GeekGardenCase2", "..\GeekGardenCase2\GeekGardenCase2.csproj", "{0CCA7259-04E6-4CED-86E1-2356F19D2506}"
EndProject
Project("{FAE04EC0-301F-11D3-BF4B-00C04F79EFBC}") = "GeekGardenCase3", "..\GeekGardenCase3\GeekGardenCase3.csproj", "{8AC1CF6B-93EF-4D38-9C77-6C5963087990}"
EndProject
Project("{FAE04EC0-301F-11D3-BF4B-00C04F79EFBC}") = "FECase3", "..\FECase3\FECase3.csproj", "{47355D85-524C-4498-913D-6F0BD29A6E01}"
EndProject
Global
	GlobalSection(SolutionConfigurationPlatforms) = preSolution
		Debug|Any CPU = Debug|Any CPU
		Release|Any CPU = Release|Any CPU
	EndGlobalSection
	GlobalSection(ProjectConfigurationPlatforms) = postSolution
		{B716C032-DC43-495F-9C49-0B64A98B884F}.Debug|Any CPU.ActiveCfg = Debug|Any CPU
		{B716C032-DC43-495F-9C49-0B64A98B884F}.Debug|Any CPU.Build.0 = Debug|Any CPU
		{B716C032-DC43-495F-9C49-0B64A98B884F}.Release|Any CPU.ActiveCfg = Release|Any CPU
		{B716C032-DC43-495F-9C49-0B64A98B884F}.Release|Any CPU.Build.0 = Release|Any CPU
		{0CCA7259-04E6-4CED-86E1-2356F19D2506}.Debug|Any CPU.ActiveCfg = Debug|Any CPU
		{0CCA7259-04E6-4CED-86E1-2356F19D2506}.Debug|Any CPU.Build.0 = Debug|Any CPU
		{0CCA7259-04E6-4CED-86E1-2356F19D2506}.Release|Any CPU.ActiveCfg = Release|Any CPU
		{0CCA7259-04E6-4CED-86E1-2356F19D2506}.Release|Any CPU.Build.0 = Release|Any CPU
		{8AC1CF6B-93EF-4D38-9C77-6C5963087990}.Debug|Any CPU.ActiveCfg = Debug|Any CPU
		{8AC1CF6B-93EF-4D38-9C77-6C5963087990}.Debug|Any CPU.Build.0 = Debug|Any CPU
		{8AC1CF6B-93EF-4D38-9C77-6C5963087990}.Release|Any CPU.ActiveCfg = Release|Any CPU
		{8AC1CF6B-93EF-4D38-9C77-6C5963087990}.Release|Any CPU.Build.0 = Release|Any CPU
		{47355D85-524C-4498-913D-6F0BD29A6E01}.Debug|Any CPU.ActiveCfg = Debug|Any CPU
		{47355D85-524C-4498-913D-6F0BD29A6E01}.Debug|Any CPU.Build.0 = Debug|Any CPU
		{47355D85-524C-4498-913D-6F0BD29A6E01}.Release|Any CPU.ActiveCfg = Release|Any CPU
		{47355D85-524C-4498-913D-6F0BD29A6E01}.Release|Any CPU.Build.0 = Release|Any CPU
	EndGlobalSection
	GlobalSection(SolutionProperties) = preSolution
		HideSolutionNode = FALSE
	EndGlobalSection
EndGlobal
